
Microsoft Visual Studio Solution File, Format Version 12.00
# Visual Studio 15
VisualStudioVersion = 15.0.27703.2000
MinimumVisualStudioVersion = 10.0.40219.1
Project("{FAE04EC0-301F-11D3-BF4B-00C04F79EFBC}") = "PlutoRover", "PlutoRover\PlutoRover.csproj", "{1C5D3A7C-31DE-4FC7-A651-525D891B7C2F}"
EndProject
Project("{FAE04EC0-301F-11D3-BF4B-00C04F79EFBC}") = "PlutoRover.Models", "PlutoRover.Models\PlutoRover.Models.csproj", "{92378BCD-2AE0-4128-8219-660D9CD55BAD}"
EndProject
Project("{FAE04EC0-301F-11D3-BF4B-00C04F79EFBC}") = "PlutoRover.Tests", "PlutoRover.Tests\PlutoRover.Tests.csproj", "{EAACDD1C-678A-4EFD-AD88-94A0955730A2}"
EndProject
Project("{FAE04EC0-301F-11D3-BF4B-00C04F79EFBC}") = "PlutoRover.Models.Tests", "PlutoRover.Models.Tests\PlutoRover.Models.Tests.csproj", "{03AC70D2-E076-4DFA-ADF1-568992EC600B}"
EndProject
Global
	GlobalSection(SolutionConfigurationPlatforms) = preSolution
		Debug|Any CPU = Debug|Any CPU
		Release|Any CPU = Release|Any CPU
	EndGlobalSection
	GlobalSection(ProjectConfigurationPlatforms) = postSolution
		{1C5D3A7C-31DE-4FC7-A651-525D891B7C2F}.Debug|Any CPU.ActiveCfg = Debug|Any CPU
		{1C5D3A7C-31DE-4FC7-A651-525D891B7C2F}.Debug|Any CPU.Build.0 = Debug|Any CPU
		{1C5D3A7C-31DE-4FC7-A651-525D891B7C2F}.Release|Any CPU.ActiveCfg = Release|Any CPU
		{1C5D3A7C-31DE-4FC7-A651-525D891B7C2F}.Release|Any CPU.Build.0 = Release|Any CPU
		{92378BCD-2AE0-4128-8219-660D9CD55BAD}.Debug|Any CPU.ActiveCfg = Debug|Any CPU
		{92378BCD-2AE0-4128-8219-660D9CD55BAD}.Debug|Any CPU.Build.0 = Debug|Any CPU
		{92378BCD-2AE0-4128-8219-660D9CD55BAD}.Release|Any CPU.ActiveCfg = Release|Any CPU
		{92378BCD-2AE0-4128-8219-660D9CD55BAD}.Release|Any CPU.Build.0 = Release|Any CPU
		{EAACDD1C-678A-4EFD-AD88-94A0955730A2}.Debug|Any CPU.ActiveCfg = Debug|Any CPU
		{EAACDD1C-678A-4EFD-AD88-94A0955730A2}.Debug|Any CPU.Build.0 = Debug|Any CPU
		{EAACDD1C-678A-4EFD-AD88-94A0955730A2}.Release|Any CPU.ActiveCfg = Release|Any CPU
		{EAACDD1C-678A-4EFD-AD88-94A0955730A2}.Release|Any CPU.Build.0 = Release|Any CPU
		{03AC70D2-E076-4DFA-ADF1-568992EC600B}.Debug|Any CPU.ActiveCfg = Debug|Any CPU
		{03AC70D2-E076-4DFA-ADF1-568992EC600B}.Debug|Any CPU.Build.0 = Debug|Any CPU
		{03AC70D2-E076-4DFA-ADF1-568992EC600B}.Release|Any CPU.ActiveCfg = Release|Any CPU
		{03AC70D2-E076-4DFA-ADF1-568992EC600B}.Release|Any CPU.Build.0 = Release|Any CPU
	EndGlobalSection
	GlobalSection(SolutionProperties) = preSolution
		HideSolutionNode = FALSE
	EndGlobalSection
	GlobalSection(ExtensibilityGlobals) = postSolution
		SolutionGuid = {11AB0145-7AF4-4F7C-AC4A-10D2DF21111A}
	EndGlobalSection
EndGlobal
